FORGE
  remote: https://forgeapi.puppetlabs.com
  specs:
    puppet-archive (1.3.0)
      puppetlabs-stdlib (< 5.0.0, >= 4.6.0)
    puppetlabs-stdlib (4.15.0)

GIT
  remote: https://github.com/shinesolutions/puppet-aem-orchestrator
  ref: master
  sha: 55a04d32caecc1ae8dd1d2621025e04f459ccac3
  specs:
    shinesolutions-aem_orchestrator (0.9.4)
      puppet-archive (~> 1.3.0)

GIT
  remote: https://github.com/shinesolutions/puppet-aem-resources
  ref: master
  sha: bcb40bf1498c6d41283cff41b1dbdfd239227179
  specs:
    shinesolutions-aem_resources (0.9.3)
      puppetlabs-stdlib (>= 4.14.0)

GIT
  remote: https://github.com/shinesolutions/puppet-simianarmy
  ref: 0.2.0
  sha: 7372a2fc0abbfe7a49f38b7f12d36123095e942c
  specs:
    shinesolutions-simianarmy (0.2.0)
      puppet-archive (~> 1.3.0)

DEPENDENCIES
  puppet-archive (= 1.3.0)
  shinesolutions-aem_orchestrator (>= 0)
  shinesolutions-aem_resources (>= 0)
  shinesolutions-simianarmy (>= 0)

