FORGE
  remote: https://forgeapi.puppetlabs.com
  specs:
    puppetlabs-stdlib (4.14.0)

GIT
  remote: https://github.com/shinesolutions/puppet-aem-orchestrator
  ref: master
  sha: 06f1884e0aa7b96079e74739b0233db554c741cd
  specs:
    shinesolutions-aem_orchestrator (0.9.1)

GIT
  remote: https://github.com/shinesolutions/puppet-aem-resources
  ref: master
  sha: 37b424fa4faf2fb5a1334724cb3efcd612cab550
  specs:
    shinesolutions-aem_resources (0.9.1)
      puppetlabs-stdlib (= 4.14.0)

DEPENDENCIES
  shinesolutions-aem_orchestrator (>= 0)
  shinesolutions-aem_resources (>= 0)

